Microsoft Visual Studio Solution File, Format Version 12.00
# Visual Studio Version 18
VisualStudioVersion = 18.6.11709.129
MinimumVisualStudioVersion = 10.0.40219.1
Project("{9A19103F-16F7-4668-BE54-9A1E7A4F7556}") = "Mediator", "src\Mediator\Mediator.csproj", "{6CC0D88A-1FA9-4383-858E-1D78EB8746D3}"
EndProject
Project("{9A19103F-16F7-4668-BE54-9A1E7A4F7556}") = "Mediator.UnitTests", "tests\Mediator.UnitTests\Mediator.UnitTests.csproj", "{3587F1BA-F066-4029-8C44-58D344568A2A}"
EndProject
Project("{2150E333-8FDC-42A3-9474-1A3956D46DE8}") = "Solution Folder", "Solution Folder", "{4F61F403-4674-487B-ABF4-EE50B96981C1}"
	ProjectSection(SolutionItems) = preProject
		.editorconfig = .editorconfig
		.gitattributes = .gitattributes
		.gitignore = .gitignore
		.github\workflows\ci.yml = .github\workflows\ci.yml
		.github\workflows\dependency-review.yml = .github\workflows\dependency-review.yml
		.github\workflows\publish-nuget.yml = .github\workflows\publish-nuget.yml
		Directory.Packages.props = Directory.Packages.props
		global.json = global.json
		LICENSE = LICENSE
		README.md = README.md
	EndProjectSection
EndProject
Project("{2150E333-8FDC-42A3-9474-1A3956D46DE8}") = "src", "src", "{DC4337D4-7797-44F7-AD1F-4A640A4E49D9}"
EndProject
Project("{2150E333-8FDC-42A3-9474-1A3956D46DE8}") = "tests", "tests", "{D196C703-6673-4DC9-84E9-BB492024AAD2}"
EndProject
Project("{2150E333-8FDC-42A3-9474-1A3956D46DE8}") = "samples", "samples", "{2C5AB38F-8197-4B93-AC0A-2182F5FAC5D3}"
EndProject
Project("{9A19103F-16F7-4668-BE54-9A1E7A4F7556}") = "Mediator.Samples.Console", "samples\Mediator.Samples.Console\Mediator.Samples.Console.csproj", "{5577D855-2468-4D92-8204-D022BA07A754}"
EndProject
Project("{2150E333-8FDC-42A3-9474-1A3956D46DE8}") = "benchmarks", "benchmarks", "{4F208057-661E-4B8F-AD0C-9F56F92C6B00}"
EndProject
Project("{9A19103F-16F7-4668-BE54-9A1E7A4F7556}") = "Mediator.Benchmarks", "benchmarks\Mediator.Benchmarks\Mediator.Benchmarks.csproj", "{4FFE0B09-043C-4EF2-8E7B-7912B585B592}"
EndProject
Global
	GlobalSection(SolutionConfigurationPlatforms) = preSolution
		Debug|Any CPU = Debug|Any CPU
		Release|Any CPU = Release|Any CPU
	EndGlobalSection
	GlobalSection(ProjectConfigurationPlatforms) = postSolution
		{6CC0D88A-1FA9-4383-858E-1D78EB8746D3}.Debug|Any CPU.ActiveCfg = Debug|Any CPU
		{6CC0D88A-1FA9-4383-858E-1D78EB8746D3}.Debug|Any CPU.Build.0 = Debug|Any CPU
		{6CC0D88A-1FA9-4383-858E-1D78EB8746D3}.Release|Any CPU.ActiveCfg = Release|Any CPU
		{6CC0D88A-1FA9-4383-858E-1D78EB8746D3}.Release|Any CPU.Build.0 = Release|Any CPU
		{3587F1BA-F066-4029-8C44-58D344568A2A}.Debug|Any CPU.ActiveCfg = Debug|Any CPU
		{3587F1BA-F066-4029-8C44-58D344568A2A}.Debug|Any CPU.Build.0 = Debug|Any CPU
		{3587F1BA-F066-4029-8C44-58D344568A2A}.Release|Any CPU.ActiveCfg = Release|Any CPU
		{3587F1BA-F066-4029-8C44-58D344568A2A}.Release|Any CPU.Build.0 = Release|Any CPU
		{5577D855-2468-4D92-8204-D022BA07A754}.Debug|Any CPU.ActiveCfg = Debug|Any CPU
		{5577D855-2468-4D92-8204-D022BA07A754}.Debug|Any CPU.Build.0 = Debug|Any CPU
		{5577D855-2468-4D92-8204-D022BA07A754}.Release|Any CPU.ActiveCfg = Release|Any CPU
		{5577D855-2468-4D92-8204-D022BA07A754}.Release|Any CPU.Build.0 = Release|Any CPU
		{4FFE0B09-043C-4EF2-8E7B-7912B585B592}.Debug|Any CPU.ActiveCfg = Debug|Any CPU
		{4FFE0B09-043C-4EF2-8E7B-7912B585B592}.Debug|Any CPU.Build.0 = Debug|Any CPU
		{4FFE0B09-043C-4EF2-8E7B-7912B585B592}.Release|Any CPU.ActiveCfg = Release|Any CPU
		{4FFE0B09-043C-4EF2-8E7B-7912B585B592}.Release|Any CPU.Build.0 = Release|Any CPU
	EndGlobalSection
	GlobalSection(SolutionProperties) = preSolution
		HideSolutionNode = FALSE
	EndGlobalSection
	GlobalSection(NestedProjects) = preSolution
		{6CC0D88A-1FA9-4383-858E-1D78EB8746D3} = {DC4337D4-7797-44F7-AD1F-4A640A4E49D9}
		{3587F1BA-F066-4029-8C44-58D344568A2A} = {D196C703-6673-4DC9-84E9-BB492024AAD2}
		{5577D855-2468-4D92-8204-D022BA07A754} = {2C5AB38F-8197-4B93-AC0A-2182F5FAC5D3}
		{4FFE0B09-043C-4EF2-8E7B-7912B585B592} = {4F208057-661E-4B8F-AD0C-9F56F92C6B00}
	EndGlobalSection
	GlobalSection(ExtensibilityGlobals) = postSolution
		SolutionGuid = {377035F1-4E16-46ED-9F82-F0D2EB7D2188}
	EndGlobalSection
EndGlobal
